
Microsoft Visual Studio Solution File, Format Version 12.00
# Visual Studio Version 16
VisualStudioVersion = 16.0.30907.101
MinimumVisualStudioVersion = 10.0.40219.1
Project("{9A19103F-16F7-4668-BE54-9A1E7A4F7556}") = "JwtWebApi", "JwtWebApi\JwtWebApi.csproj", "{7DB672FA-2E9C-454E-B7E8-4ACFEA897E98}"
EndProject
Project("{9A19103F-16F7-4668-BE54-9A1E7A4F7556}") = "JwtWebApi.Api", "JwtWebApi.Api\JwtWebApi.Api.csproj", "{6C7F88CD-8035-46A9-B7DF-B4C6789DA077}"
EndProject
Project("{9A19103F-16F7-4668-BE54-9A1E7A4F7556}") = "JwtWebApi.DataProviders.Common", "JwtWebApi.DataProviders.Common\JwtWebApi.DataProviders.Common.csproj", "{D27EB4BC-B004-43D8-A37F-2F0824D5C5BF}"
EndProject
Project("{9A19103F-16F7-4668-BE54-9A1E7A4F7556}") = "JwtWebApi.MigrationProvider", "JwtWebApi.MigrationProvider\JwtWebApi.MigrationProvider.csproj", "{80D7337C-AD9D-40AA-B106-638E56C329CC}"
EndProject
Project("{9A19103F-16F7-4668-BE54-9A1E7A4F7556}") = "JwtWebApi.Common", "JwtWebApi.Common\JwtWebApi.Common.csproj", "{BBF85A1C-DE1B-41B9-A4F5-09C9B1591F58}"
EndProject
Project("{9A19103F-16F7-4668-BE54-9A1E7A4F7556}") = "JwtWebApi.Link2DbProvider", "JwtWebApi.Link2DbProvider\JwtWebApi.Link2DbProvider.csproj", "{246AD846-818A-4EE5-9ED1-59055CB93379}"
EndProject
Project("{9A19103F-16F7-4668-BE54-9A1E7A4F7556}") = "JwtWebApi.Email", "JwtWebApi.Email\JwtWebApi.Email.csproj", "{CCAF4A7A-4A0E-409B-BCC0-1A8950A331CA}"
EndProject
Project("{9A19103F-16F7-4668-BE54-9A1E7A4F7556}") = "JwtWebApi.Email.Services", "JwtWebApi.Email.Services\JwtWebApi.Email.Services.csproj", "{DB3C5962-6C35-4E5C-A84B-FD7FA86C14EA}"
EndProject
Project("{9A19103F-16F7-4668-BE54-9A1E7A4F7556}") = "JwtWebApi.Services", "JwtWebApi.Services\JwtWebApi.Services.csproj", "{8A7D547D-B743-4C32-A19C-27E3BE989010}"
EndProject
Project("{9A19103F-16F7-4668-BE54-9A1E7A4F7556}") = "JwtWebApi.Api.Common", "JwtWebApi.Api.Common\JwtWebApi.Api.Common.csproj", "{BAD75F21-3AFF-4A3C-ADA1-08FE27871F2A}"
EndProject
Project("{9A19103F-16F7-4668-BE54-9A1E7A4F7556}") = "JwtWebApi.Api.Services", "JwtWebApi.Api.Services\JwtWebApi.Api.Services.csproj", "{9ECB7C70-4244-48B9-A821-858D9502ECA1}"
EndProject
Project("{9A19103F-16F7-4668-BE54-9A1E7A4F7556}") = "SqlGen", "SqlGen\SqlGen.csproj", "{393582A4-D32C-495D-8197-E000145BD96F}"
EndProject
Project("{9A19103F-16F7-4668-BE54-9A1E7A4F7556}") = "JwtWebApi.Auth.FireBaseAuth.Impl", "JwtWebApi.Auth.FireBaseAuth.Impl\JwtWebApi.Auth.FireBaseAuth.Impl.csproj", "{1F96C1B8-D3AD-4FE8-ACB5-869E093567AB}"
EndProject
Project("{FAE04EC0-301F-11D3-BF4B-00C04F79EFBC}") = "JwtWebApi.Vk.Impl", "JwtWebApi.Vk.Impl\JwtWebApi.Vk.Impl.csproj", "{80C2B34F-9610-4277-9EDB-3298C8C6CE2B}"
EndProject
Global
	GlobalSection(SolutionConfigurationPlatforms) = preSolution
		Debug|Any CPU = Debug|Any CPU
		Release|Any CPU = Release|Any CPU
	EndGlobalSection
	GlobalSection(ProjectConfigurationPlatforms) = postSolution
		{7DB672FA-2E9C-454E-B7E8-4ACFEA897E98}.Debug|Any CPU.ActiveCfg = Debug|Any CPU
		{7DB672FA-2E9C-454E-B7E8-4ACFEA897E98}.Debug|Any CPU.Build.0 = Debug|Any CPU
		{7DB672FA-2E9C-454E-B7E8-4ACFEA897E98}.Release|Any CPU.ActiveCfg = Release|Any CPU
		{7DB672FA-2E9C-454E-B7E8-4ACFEA897E98}.Release|Any CPU.Build.0 = Release|Any CPU
		{6C7F88CD-8035-46A9-B7DF-B4C6789DA077}.Debug|Any CPU.ActiveCfg = Debug|Any CPU
		{6C7F88CD-8035-46A9-B7DF-B4C6789DA077}.Debug|Any CPU.Build.0 = Debug|Any CPU
		{6C7F88CD-8035-46A9-B7DF-B4C6789DA077}.Release|Any CPU.ActiveCfg = Release|Any CPU
		{6C7F88CD-8035-46A9-B7DF-B4C6789DA077}.Release|Any CPU.Build.0 = Release|Any CPU
		{D27EB4BC-B004-43D8-A37F-2F0824D5C5BF}.Debug|Any CPU.ActiveCfg = Debug|Any CPU
		{D27EB4BC-B004-43D8-A37F-2F0824D5C5BF}.Debug|Any CPU.Build.0 = Debug|Any CPU
		{D27EB4BC-B004-43D8-A37F-2F0824D5C5BF}.Release|Any CPU.ActiveCfg = Release|Any CPU
		{D27EB4BC-B004-43D8-A37F-2F0824D5C5BF}.Release|Any CPU.Build.0 = Release|Any CPU
		{80D7337C-AD9D-40AA-B106-638E56C329CC}.Debug|Any CPU.ActiveCfg = Debug|Any CPU
		{80D7337C-AD9D-40AA-B106-638E56C329CC}.Debug|Any CPU.Build.0 = Debug|Any CPU
		{80D7337C-AD9D-40AA-B106-638E56C329CC}.Release|Any CPU.ActiveCfg = Release|Any CPU
		{80D7337C-AD9D-40AA-B106-638E56C329CC}.Release|Any CPU.Build.0 = Release|Any CPU
		{BBF85A1C-DE1B-41B9-A4F5-09C9B1591F58}.Debug|Any CPU.ActiveCfg = Debug|Any CPU
		{BBF85A1C-DE1B-41B9-A4F5-09C9B1591F58}.Debug|Any CPU.Build.0 = Debug|Any CPU
		{BBF85A1C-DE1B-41B9-A4F5-09C9B1591F58}.Release|Any CPU.ActiveCfg = Release|Any CPU
		{BBF85A1C-DE1B-41B9-A4F5-09C9B1591F58}.Release|Any CPU.Build.0 = Release|Any CPU
		{246AD846-818A-4EE5-9ED1-59055CB93379}.Debug|Any CPU.ActiveCfg = Debug|Any CPU
		{246AD846-818A-4EE5-9ED1-59055CB93379}.Debug|Any CPU.Build.0 = Debug|Any CPU
		{246AD846-818A-4EE5-9ED1-59055CB93379}.Release|Any CPU.ActiveCfg = Release|Any CPU
		{246AD846-818A-4EE5-9ED1-59055CB93379}.Release|Any CPU.Build.0 = Release|Any CPU
		{CCAF4A7A-4A0E-409B-BCC0-1A8950A331CA}.Debug|Any CPU.ActiveCfg = Debug|Any CPU
		{CCAF4A7A-4A0E-409B-BCC0-1A8950A331CA}.Debug|Any CPU.Build.0 = Debug|Any CPU
		{CCAF4A7A-4A0E-409B-BCC0-1A8950A331CA}.Release|Any CPU.ActiveCfg = Release|Any CPU
		{CCAF4A7A-4A0E-409B-BCC0-1A8950A331CA}.Release|Any CPU.Build.0 = Release|Any CPU
		{DB3C5962-6C35-4E5C-A84B-FD7FA86C14EA}.Debug|Any CPU.ActiveCfg = Debug|Any CPU
		{DB3C5962-6C35-4E5C-A84B-FD7FA86C14EA}.Debug|Any CPU.Build.0 = Debug|Any CPU
		{DB3C5962-6C35-4E5C-A84B-FD7FA86C14EA}.Release|Any CPU.ActiveCfg = Release|Any CPU
		{DB3C5962-6C35-4E5C-A84B-FD7FA86C14EA}.Release|Any CPU.Build.0 = Release|Any CPU
		{8A7D547D-B743-4C32-A19C-27E3BE989010}.Debug|Any CPU.ActiveCfg = Debug|Any CPU
		{8A7D547D-B743-4C32-A19C-27E3BE989010}.Debug|Any CPU.Build.0 = Debug|Any CPU
		{8A7D547D-B743-4C32-A19C-27E3BE989010}.Release|Any CPU.ActiveCfg = Release|Any CPU
		{8A7D547D-B743-4C32-A19C-27E3BE989010}.Release|Any CPU.Build.0 = Release|Any CPU
		{BAD75F21-3AFF-4A3C-ADA1-08FE27871F2A}.Debug|Any CPU.ActiveCfg = Debug|Any CPU
		{BAD75F21-3AFF-4A3C-ADA1-08FE27871F2A}.Debug|Any CPU.Build.0 = Debug|Any CPU
		{BAD75F21-3AFF-4A3C-ADA1-08FE27871F2A}.Release|Any CPU.ActiveCfg = Release|Any CPU
		{BAD75F21-3AFF-4A3C-ADA1-08FE27871F2A}.Release|Any CPU.Build.0 = Release|Any CPU
		{9ECB7C70-4244-48B9-A821-858D9502ECA1}.Debug|Any CPU.ActiveCfg = Debug|Any CPU
		{9ECB7C70-4244-48B9-A821-858D9502ECA1}.Debug|Any CPU.Build.0 = Debug|Any CPU
		{9ECB7C70-4244-48B9-A821-858D9502ECA1}.Release|Any CPU.ActiveCfg = Release|Any CPU
		{9ECB7C70-4244-48B9-A821-858D9502ECA1}.Release|Any CPU.Build.0 = Release|Any CPU
		{393582A4-D32C-495D-8197-E000145BD96F}.Debug|Any CPU.ActiveCfg = Debug|Any CPU
		{393582A4-D32C-495D-8197-E000145BD96F}.Debug|Any CPU.Build.0 = Debug|Any CPU
		{393582A4-D32C-495D-8197-E000145BD96F}.Release|Any CPU.ActiveCfg = Release|Any CPU
		{393582A4-D32C-495D-8197-E000145BD96F}.Release|Any CPU.Build.0 = Release|Any CPU
		{1F96C1B8-D3AD-4FE8-ACB5-869E093567AB}.Debug|Any CPU.ActiveCfg = Debug|Any CPU
		{1F96C1B8-D3AD-4FE8-ACB5-869E093567AB}.Debug|Any CPU.Build.0 = Debug|Any CPU
		{1F96C1B8-D3AD-4FE8-ACB5-869E093567AB}.Release|Any CPU.ActiveCfg = Release|Any CPU
		{1F96C1B8-D3AD-4FE8-ACB5-869E093567AB}.Release|Any CPU.Build.0 = Release|Any CPU
		{80C2B34F-9610-4277-9EDB-3298C8C6CE2B}.Debug|Any CPU.ActiveCfg = Debug|Any CPU
		{80C2B34F-9610-4277-9EDB-3298C8C6CE2B}.Debug|Any CPU.Build.0 = Debug|Any CPU
		{80C2B34F-9610-4277-9EDB-3298C8C6CE2B}.Release|Any CPU.ActiveCfg = Release|Any CPU
		{80C2B34F-9610-4277-9EDB-3298C8C6CE2B}.Release|Any CPU.Build.0 = Release|Any CPU
	EndGlobalSection
	GlobalSection(SolutionProperties) = preSolution
		HideSolutionNode = FALSE
	EndGlobalSection
	GlobalSection(ExtensibilityGlobals) = postSolution
		SolutionGuid = {70FF488A-33D2-4438-917A-8E75569CF193}
	EndGlobalSection
EndGlobal
